
Microsoft Visual Studio Solution File, Format Version 12.00
# Visual Studio Version 16
VisualStudioVersion = 16.0.30413.136
MinimumVisualStudioVersion = 10.0.40219.1
Project("{FAE04EC0-301F-11D3-BF4B-00C04F79EFBC}") = "MovieLibrary", "MovieLibrary\MovieLibrary.csproj", "{32FBC3A2-1EA2-4358-9CAC-0CCB91C56FDC}"
EndProject
Global
	GlobalSection(SolutionConfigurationPlatforms) = preSolution
		Debug|Any CPU = Debug|Any CPU
		Release|Any CPU = Release|Any CPU
	EndGlobalSection
	GlobalSection(ProjectConfigurationPlatforms) = postSolution
		{32FBC3A2-1EA2-4358-9CAC-0CCB91C56FDC}.Debug|Any CPU.ActiveCfg = Debug|Any CPU
		{32FBC3A2-1EA2-4358-9CAC-0CCB91C56FDC}.Debug|Any CPU.Build.0 = Debug|Any CPU
		{32FBC3A2-1EA2-4358-9CAC-0CCB91C56FDC}.Release|Any CPU.ActiveCfg = Release|Any CPU
		{32FBC3A2-1EA2-4358-9CAC-0CCB91C56FDC}.Release|Any CPU.Build.0 = Release|Any CPU
	EndGlobalSection
	GlobalSection(SolutionProperties) = preSolution
		HideSolutionNode = FALSE
	EndGlobalSection
	GlobalSection(ExtensibilityGlobals) = postSolution
		SolutionGuid = {458FA634-31E9-44BA-BD3D-699991E1EE6C}
	EndGlobalSection
EndGlobal
