
Microsoft Visual Studio Solution File, Format Version 12.00
# Visual Studio Version 16
VisualStudioVersion = 16.0.30413.136
MinimumVisualStudioVersion = 10.0.40219.1
Project("{FAE04EC0-301F-11D3-BF4B-00C04F79EFBC}") = "MovieLibraray", "MovieLibraray\MovieLibraray.csproj", "{FE36FB82-C7FA-4D1F-8A39-5B7729E9B335}"
EndProject
Global
	GlobalSection(SolutionConfigurationPlatforms) = preSolution
		Debug|Any CPU = Debug|Any CPU
		Release|Any CPU = Release|Any CPU
	EndGlobalSection
	GlobalSection(ProjectConfigurationPlatforms) = postSolution
		{FE36FB82-C7FA-4D1F-8A39-5B7729E9B335}.Debug|Any CPU.ActiveCfg = Debug|Any CPU
		{FE36FB82-C7FA-4D1F-8A39-5B7729E9B335}.Debug|Any CPU.Build.0 = Debug|Any CPU
		{FE36FB82-C7FA-4D1F-8A39-5B7729E9B335}.Release|Any CPU.ActiveCfg = Release|Any CPU
		{FE36FB82-C7FA-4D1F-8A39-5B7729E9B335}.Release|Any CPU.Build.0 = Release|Any CPU
	EndGlobalSection
	GlobalSection(SolutionProperties) = preSolution
		HideSolutionNode = FALSE
	EndGlobalSection
	GlobalSection(ExtensibilityGlobals) = postSolution
		SolutionGuid = {AC262F75-5700-4D56-96B8-51B8FA29B3E8}
	EndGlobalSection
EndGlobal
