Microsoft Visual Studio Solution File, Format Version 12.00
# Visual Studio Version 16
VisualStudioVersion = 16.0.30503.244
MinimumVisualStudioVersion = 10.0.40219.1
Project("{00D1A9C2-B5F0-4AF3-8072-F6C62B433612}") = "CharacterDatabase", "NileDatabase\CharacterDatabase.sqlproj", "{56C0ADF1-90E3-4E66-998C-20FE50D88A2D}"
EndProject
Project("{FAE04EC0-301F-11D3-BF4B-00C04F79EFBC}") = "Character.Web", "Nile.Web\Character.Web.csproj", "{6605F6E4-F1E5-4A0E-B7AF-C80E0CC96EA7}"
EndProject
Project("{FAE04EC0-301F-11D3-BF4B-00C04F79EFBC}") = "CharacterRoster", "CharacterRoster\CharacterRoster.csproj", "{5548C59A-75D9-4944-9334-EA7FAAB09A0C}"
EndProject
Global
	GlobalSection(SolutionConfigurationPlatforms) = preSolution
		Debug|Any CPU = Debug|Any CPU
		Release|Any CPU = Release|Any CPU
	EndGlobalSection
	GlobalSection(ProjectConfigurationPlatforms) = postSolution
		{56C0ADF1-90E3-4E66-998C-20FE50D88A2D}.Debug|Any CPU.ActiveCfg = Debug|Any CPU
		{56C0ADF1-90E3-4E66-998C-20FE50D88A2D}.Debug|Any CPU.Build.0 = Debug|Any CPU
		{56C0ADF1-90E3-4E66-998C-20FE50D88A2D}.Debug|Any CPU.Deploy.0 = Debug|Any CPU
		{56C0ADF1-90E3-4E66-998C-20FE50D88A2D}.Release|Any CPU.ActiveCfg = Release|Any CPU
		{56C0ADF1-90E3-4E66-998C-20FE50D88A2D}.Release|Any CPU.Build.0 = Release|Any CPU
		{56C0ADF1-90E3-4E66-998C-20FE50D88A2D}.Release|Any CPU.Deploy.0 = Release|Any CPU
		{6605F6E4-F1E5-4A0E-B7AF-C80E0CC96EA7}.Debug|Any CPU.ActiveCfg = Debug|Any CPU
		{6605F6E4-F1E5-4A0E-B7AF-C80E0CC96EA7}.Debug|Any CPU.Build.0 = Debug|Any CPU
		{6605F6E4-F1E5-4A0E-B7AF-C80E0CC96EA7}.Release|Any CPU.ActiveCfg = Release|Any CPU
		{6605F6E4-F1E5-4A0E-B7AF-C80E0CC96EA7}.Release|Any CPU.Build.0 = Release|Any CPU
		{5548C59A-75D9-4944-9334-EA7FAAB09A0C}.Debug|Any CPU.ActiveCfg = Debug|Any CPU
		{5548C59A-75D9-4944-9334-EA7FAAB09A0C}.Debug|Any CPU.Build.0 = Debug|Any CPU
		{5548C59A-75D9-4944-9334-EA7FAAB09A0C}.Release|Any CPU.ActiveCfg = Release|Any CPU
		{5548C59A-75D9-4944-9334-EA7FAAB09A0C}.Release|Any CPU.Build.0 = Release|Any CPU
	EndGlobalSection
	GlobalSection(SolutionProperties) = preSolution
		HideSolutionNode = FALSE
	EndGlobalSection
	GlobalSection(ExtensibilityGlobals) = postSolution
		SolutionGuid = {6668579C-E665-459B-8D89-D94F92C0E425}
	EndGlobalSection
EndGlobal
