
Microsoft Visual Studio Solution File, Format Version 12.00
# Visual Studio Version 16
VisualStudioVersion = 16.0.30413.136
MinimumVisualStudioVersion = 10.0.40219.1
Project("{FAE04EC0-301F-11D3-BF4B-00C04F79EFBC}") = "MovieLibrary", "MovieLibrary\MovieLibrary.csproj", "{14F0C2F1-AEDA-44C0-A304-26A84FA04B99}"
EndProject
Global
	GlobalSection(SolutionConfigurationPlatforms) = preSolution
		Debug|Any CPU = Debug|Any CPU
		Release|Any CPU = Release|Any CPU
	EndGlobalSection
	GlobalSection(ProjectConfigurationPlatforms) = postSolution
		{14F0C2F1-AEDA-44C0-A304-26A84FA04B99}.Debug|Any CPU.ActiveCfg = Debug|Any CPU
		{14F0C2F1-AEDA-44C0-A304-26A84FA04B99}.Debug|Any CPU.Build.0 = Debug|Any CPU
		{14F0C2F1-AEDA-44C0-A304-26A84FA04B99}.Release|Any CPU.ActiveCfg = Release|Any CPU
		{14F0C2F1-AEDA-44C0-A304-26A84FA04B99}.Release|Any CPU.Build.0 = Release|Any CPU
	EndGlobalSection
	GlobalSection(SolutionProperties) = preSolution
		HideSolutionNode = FALSE
	EndGlobalSection
	GlobalSection(ExtensibilityGlobals) = postSolution
		SolutionGuid = {68D21F42-0F3A-441E-98CC-03CAA7CFEB5B}
	EndGlobalSection
EndGlobal
